dependencies:
  esp_wireguard:
    component_hash: d3845c88b511f24b1175ac0e0b5577b245c556b40c4fe784a91c432487377729
    dependencies: []
    source:
      git: https://github.com/martin-ger/esp_wireguard_idf_5.5.x.git
      path: .
      type: git
    version: 02a24fad29365db09e0088df2f8c4414632fe35a
  espressif/led_strip:
    component_hash: 28621486f77229aaf81c71f5e15d6fbf36c2949cf11094e07090593e659e7639
    dependencies:
    - name: idf
      require: private
      version: '>=5.0'
    source:
      registry_url: https://components.espressif.com/
      type: service
    version: 3.0.3
  espressif/mdns:
    component_hash: b679eafd0acae2066e2645bd91d073e33ca5be515e2545cd3c4e55a3e3bce3cb
    dependencies:
    - name: idf
      require: private
      version: '>=5.0'
    source:
      registry_url: https://components.espressif.com/
      type: service
    version: 1.13.1
  idf:
    source:
      type: idf
    version: 5.5.4
direct_dependencies:
- esp_wireguard
- espressif/led_strip
- espressif/mdns
manifest_hash: 6ea0ce1cbf36385cbf240a6db8bc7ca05dc7bbb42bfc9ffb0526c2ab6919672e
target: esp32s3
version: 2.0.0
